
Microsoft Visual Studio Solution File, Format Version 12.00
Project("{FAE04EC0-301F-11D3-BF4B-00C04F79EFBC}") = "day3Part1", "day3Part1\day3Part1.csproj", "{DB953A6D-08AD-4EA6-B8C8-9E42DCD37B1A}"
EndProject
Global
	GlobalSection(SolutionConfigurationPlatforms) = preSolution
		Debug|Any CPU = Debug|Any CPU
		Release|Any CPU = Release|Any CPU
	EndGlobalSection
	GlobalSection(ProjectConfigurationPlatforms) = postSolution
		{DB953A6D-08AD-4EA6-B8C8-9E42DCD37B1A}.Debug|Any CPU.ActiveCfg = Debug|Any CPU
		{DB953A6D-08AD-4EA6-B8C8-9E42DCD37B1A}.Debug|Any CPU.Build.0 = Debug|Any CPU
		{DB953A6D-08AD-4EA6-B8C8-9E42DCD37B1A}.Release|Any CPU.ActiveCfg = Release|Any CPU
		{DB953A6D-08AD-4EA6-B8C8-9E42DCD37B1A}.Release|Any CPU.Build.0 = Release|Any CPU
	EndGlobalSection
EndGlobal
